// !$*UTF8*$!
{
	archiveVersion = 1;
	classes = {
	};
	objectVersion = 50;
	objects = {

/* Begin PBXBuildFile section */
		7E27844F274164AE00B8C44D /* ArticlePage.swift in Sources */ = {isa = PBXBuildFile; fileRef = 7E27844E274164AE00B8C44D /* ArticlePage.swift */; };
		7E40D9A4273A96A000B10E11 /* AppDelegate.swift in Sources */ = {isa = PBXBuildFile; fileRef = 7E40D9A3273A96A000B10E11 /* AppDelegate.swift */; };
		7E40D9A6273A96A000B10E11 /* SceneDelegate.swift in Sources */ = {isa = PBXBuildFile; fileRef = 7E40D9A5273A96A000B10E11 /* SceneDelegate.swift */; };
		7E40D9A8273A96A000B10E11 /* ArticleViewController.swift in Sources */ = {isa = PBXBuildFile; fileRef = 7E40D9A7273A96A000B10E11 /* ArticleViewController.swift */; };
		7E40D9AD273A96A300B10E11 /* Assets.xcassets in Resources */ = {isa = PBXBuildFile; fileRef = 7E40D9AC273A96A300B10E11 /* Assets.xcassets */; };
		7E40D9B0273A96A300B10E11 /* LaunchScreen.storyboard in Resources */ = {isa = PBXBuildFile; fileRef = 7E40D9AE273A96A300B10E11 /* LaunchScreen.storyboard */; };
		7E40D9B8273AA04100B10E11 /* ArticleModel.swift in Sources */ = {isa = PBXBuildFile; fileRef = 7E40D9B7273AA04100B10E11 /* ArticleModel.swift */; };
		7E40D9BA273AA06D00B10E11 /* UIView_Pin.swift in Sources */ = {isa = PBXBuildFile; fileRef = 7E40D9B9273AA06D00B10E11 /* UIView_Pin.swift */; };
		7E40D9BC273AA1E000B10E11 /* ArticleCell.swift in Sources */ = {isa = PBXBuildFile; fileRef = 7E40D9BB273AA1E000B10E11 /* ArticleCell.swift */; };
		7E40D9C0273D589500B10E11 /* ArticleManager.swift in Sources */ = {isa = PBXBuildFile; fileRef = 7E40D9BF273D589500B10E11 /* ArticleManager.swift */; };
/* End PBXBuildFile section */

/* Begin PBXFileReference section */
		7E27844E274164AE00B8C44D /* ArticlePage.swift */ = {isa = PBXFileReference; lastKnownFileType = sourcecode.swift; path = ArticlePage.swift; sourceTree = "<group>"; };
		7E40D9A0273A96A000B10E11 /* maroschupkina_1PW5.app */ = {isa = PBXFileReference; explicitFileType = wrapper.application; includeInIndex = 0; path = maroschupkina_1PW5.app; sourceTree = BUILT_PRODUCTS_DIR; };
		7E40D9A3273A96A000B10E11 /* AppDelegate.swift */ = {isa = PBXFileReference; lastKnownFileType = sourcecode.swift; path = AppDelegate.swift; sourceTree = "<group>"; };
		7E40D9A5273A96A000B10E11 /* SceneDelegate.swift */ = {isa = PBXFileReference; lastKnownFileType = sourcecode.swift; path = SceneDelegate.swift; sourceTree = "<group>"; };
		7E40D9A7273A96A000B10E11 /* ArticleViewController.swift */ = {isa = PBXFileReference; lastKnownFileType = sourcecode.swift; path = ArticleViewController.swift; sourceTree = "<group>"; };
		7E40D9AC273A96A300B10E11 /* Assets.xcassets */ = {isa = PBXFileReference; lastKnownFileType = folder.assetcatalog; path = Assets.xcassets; sourceTree = "<group>"; };
		7E40D9AF273A96A300B10E11 /* Base */ = {isa = PBXFileReference; lastKnownFileType = file.storyboard; name = Base; path = Base.lproj/LaunchScreen.storyboard; sourceTree = "<group>"; };
		7E40D9B1273A96A300B10E11 /* Info.plist */ = {isa = PBXFileReference; lastKnownFileType = text.plist.xml; path = Info.plist; sourceTree = "<group>"; };
		7E40D9B7273AA04100B10E11 /* ArticleModel.swift */ = {isa = PBXFileReference; lastKnownFileType = sourcecode.swift; path = ArticleModel.swift; sourceTree = "<group>"; };
		7E40D9B9273AA06D00B10E11 /* UIView_Pin.swift */ = {isa = PBXFileReference; lastKnownFileType = sourcecode.swift; path = UIView_Pin.swift; sourceTree = "<group>"; };
		7E40D9BB273AA1E000B10E11 /* ArticleCell.swift */ = {isa = PBXFileReference; lastKnownFileType = sourcecode.swift; path = ArticleCell.swift; sourceTree = "<group>"; };
		7E40D9BF273D589500B10E11 /* ArticleManager.swift */ = {isa = PBXFileReference; lastKnownFileType = sourcecode.swift; path = ArticleManager.swift; sourceTree = "<group>"; };
/* End PBXFileReference section */

/* Begin PBXFrameworksBuildPhase section */
		7E40D99D273A96A000B10E11 /* Frameworks */ = {
			isa = PBXFrameworksBuildPhase;
			buildActionMask = 2147483647;
			files = (
			);
			runOnlyForDeploymentPostprocessing = 0;
		};
/* End PBXFrameworksBuildPhase section */

/* Begin PBXGroup section */
		7E40D997273A96A000B10E11 = {
			isa = PBXGroup;
			children = (
				7E40D9A2273A96A000B10E11 /* maroschupkina_1PW5 */,
				7E40D9A1273A96A000B10E11 /* Products */,
			);
			sourceTree = "<group>";
		};
		7E40D9A1273A96A000B10E11 /* Products */ = {
			isa = PBXGroup;
			children = (
				7E40D9A0273A96A000B10E11 /* maroschupkina_1PW5.app */,
			);
			name = Products;
			sourceTree = "<group>";
		};
		7E40D9A2273A96A000B10E11 /* maroschupkina_1PW5 */ = {
			isa = PBXGroup;
			children = (
				7E40D9A3273A96A000B10E11 /* AppDelegate.swift */,
				7E40D9A5273A96A000B10E11 /* SceneDelegate.swift */,
				7E40D9A7273A96A000B10E11 /* ArticleViewController.swift */,
				7E40D9AC273A96A300B10E11 /* Assets.xcassets */,
				7E40D9AE273A96A300B10E11 /* LaunchScreen.storyboard */,
				7E40D9B1273A96A300B10E11 /* Info.plist */,
				7E40D9B7273AA04100B10E11 /* ArticleModel.swift */,
				7E40D9B9273AA06D00B10E11 /* UIView_Pin.swift */,
				7E40D9BB273AA1E000B10E11 /* ArticleCell.swift */,
				7E40D9BF273D589500B10E11 /* ArticleManager.swift */,
				7E27844E274164AE00B8C44D /* ArticlePage.swift */,
			);
			path = maroschupkina_1PW5;
			sourceTree = "<group>";
		};
/* End PBXGroup section */

/* Begin PBXNativeTarget section */
		7E40D99F273A96A000B10E11 /* maroschupkina_1PW5 */ = {
			isa = PBXNativeTarget;
			buildConfigurationList = 7E40D9B4273A96A300B10E11 /* Build configuration list for PBXNativeTarget "maroschupkina_1PW5" */;
			buildPhases = (
				7E40D99C273A96A000B10E11 /* Sources */,
				7E40D99D273A96A000B10E11 /* Frameworks */,
				7E40D99E273A96A000B10E11 /* Resources */,
			);
			buildRules = (
			);
			dependencies = (
			);
			name = maroschupkina_1PW5;
			productName = maroschupkina_1PW5;
			productReference = 7E40D9A0273A96A000B10E11 /* maroschupkina_1PW5.app */;
			productType = "com.apple.product-type.application";
		};
/* End PBXNativeTarget section */

/* Begin PBXProject section */
		7E40D998273A96A000B10E11 /* Project object */ = {
			isa = PBXProject;
			attributes = {
				LastSwiftUpdateCheck = 1250;
				LastUpgradeCheck = 1250;
				TargetAttributes = {
					7E40D99F273A96A000B10E11 = {
						CreatedOnToolsVersion = 12.5.1;
					};
				};
			};
			buildConfigurationList = 7E40D99B273A96A000B10E11 /* Build configuration list for PBXProject "maroschupkina_1PW5" */;
			compatibilityVersion = "Xcode 9.3";
			developmentRegion = en;
			hasScannedForEncodings = 0;
			knownRegions = (
				en,
				Base,
			);
			mainGroup = 7E40D997273A96A000B10E11;
			productRefGroup = 7E40D9A1273A96A000B10E11 /* Products */;
			projectDirPath = "";
			projectRoot = "";
			targets = (
				7E40D99F273A96A000B10E11 /* maroschupkina_1PW5 */,
			);
		};
/* End PBXProject section */

/* Begin PBXResourcesBuildPhase section */
		7E40D99E273A96A000B10E11 /* Resources */ = {
			isa = PBXResourcesBuildPhase;
			buildActionMask = 2147483647;
			files = (
				7E40D9B0273A96A300B10E11 /* LaunchScreen.storyboard in Resources */,
				7E40D9AD273A96A300B10E11 /* Assets.xcassets in Resources */,
			);
			runOnlyForDeploymentPostprocessing = 0;
		};
/* End PBXResourcesBuildPhase section */

/* Begin PBXSourcesBuildPhase section */
		7E40D99C273A96A000B10E11 /* Sources */ = {
			isa = PBXSourcesBuildPhase;
			buildActionMask = 2147483647;
			files = (
				7E40D9C0273D589500B10E11 /* ArticleManager.swift in Sources */,
				7E40D9A8273A96A000B10E11 /* ArticleViewController.swift in Sources */,
				7E40D9A4273A96A000B10E11 /* AppDelegate.swift in Sources */,
				7E40D9BC273AA1E000B10E11 /* ArticleCell.swift in Sources */,
				7E40D9B8273AA04100B10E11 /* ArticleModel.swift in Sources */,
				7E27844F274164AE00B8C44D /* ArticlePage.swift in Sources */,
				7E40D9BA273AA06D00B10E11 /* UIView_Pin.swift in Sources */,
				7E40D9A6273A96A000B10E11 /* SceneDelegate.swift in Sources */,
			);
			runOnlyForDeploymentPostprocessing = 0;
		};
/* End PBXSourcesBuildPhase section */

/* Begin PBXVariantGroup section */
		7E40D9AE273A96A300B10E11 /* LaunchScreen.storyboard */ = {
			isa = PBXVariantGroup;
			children = (
				7E40D9AF273A96A300B10E11 /* Base */,
			);
			name = LaunchScreen.storyboard;
			sourceTree = "<group>";
		};
/* End PBXVariantGroup section */

/* Begin XCBuildConfiguration section */
		7E40D9B2273A96A300B10E11 /* Debug */ = {
			isa = XCBuildConfiguration;
			buildSettings = {
				ALWAYS_SEARCH_USER_PATHS = NO;
				CLANG_ANALYZER_NONNULL = YES;
				CLANG_ANALYZER_NUMBER_OBJECT_CONVERSION = YES_AGGRESSIVE;
				CLANG_CXX_LANGUAGE_STANDARD = "gnu++14";
				CLANG_CXX_LIBRARY = "libc++";
				CLANG_ENABLE_MODULES = YES;
				CLANG_ENABLE_OBJC_ARC = YES;
				CLANG_ENABLE_OBJC_WEAK = YES;
				CLANG_WARN_BLOCK_CAPTURE_AUTORELEASING = YES;
				CLANG_WARN_BOOL_CONVERSION = YES;
				CLANG_WARN_COMMA = YES;
				CLANG_WARN_CONSTANT_CONVERSION = YES;
				CLANG_WARN_DEPRECATED_OBJC_IMPLEMENTATIONS = YES;
				CLANG_WARN_DIRECT_OBJC_ISA_USAGE = YES_ERROR;
				CLANG_WARN_DOCUMENTATION_COMMENTS = YES;
				CLANG_WARN_EMPTY_BODY = YES;
				CLANG_WARN_ENUM_CONVERSION = YES;
				CLANG_WARN_INFINITE_RECURSION = YES;
				CLANG_WARN_INT_CONVERSION = YES;
				CLANG_WARN_NON_LITERAL_NULL_CONVERSION = YES;
				CLANG_WARN_OBJC_IMPLICIT_RETAIN_SELF = YES;
				CLANG_WARN_OBJC_LITERAL_CONVERSION = YES;
				CLANG_WARN_OBJC_ROOT_CLASS = YES_ERROR;
				CLANG_WARN_QUOTED_INCLUDE_IN_FRAMEWORK_HEADER = YES;
				CLANG_WARN_RANGE_LOOP_ANALYSIS = YES;
				CLANG_WARN_STRICT_PROTOTYPES = YES;
				CLANG_WARN_SUSPICIOUS_MOVE = YES;
				CLANG_WARN_UNGUARDED_AVAILABILITY = YES_AGGRESSIVE;
				CLANG_WARN_UNREACHABLE_CODE = YES;
				CLANG_WARN__DUPLICATE_METHOD_MATCH = YES;
				COPY_PHASE_STRIP = NO;
				DEBUG_INFORMATION_FORMAT = dwarf;
				ENABLE_STRICT_OBJC_MSGSEND = YES;
				ENABLE_TESTABILITY = YES;
				GCC_C_LANGUAGE_STANDARD = gnu11;
				GCC_DYNAMIC_NO_PIC = NO;
				GCC_NO_COMMON_BLOCKS = YES;
				GCC_OPTIMIZATION_LEVEL = 0;
				GCC_PREPROCESSOR_DEFINITIONS = (
					"DEBUG=1",
					"$(inherited)",
				);
				GCC_WARN_64_TO_32_BIT_CONVERSION = YES;
				GCC_WARN_ABOUT_RETURN_TYPE = YES_ERROR;
				GCC_WARN_UNDECLARED_SELECTOR = YES;
				GCC_WARN_UNINITIALIZED_AUTOS = YES_AGGRESSIVE;
				GCC_WARN_UNUSED_FUNCTION = YES;
				GCC_WARN_UNUSED_VARIABLE = YES;
				IPHONEOS_DEPLOYMENT_TARGET = 14.5;
				MTL_ENABLE_DEBUG_INFO = INCLUDE_SOURCE;
				MTL_FAST_MATH = YES;
				ONLY_ACTIVE_ARCH = YES;
				SDKROOT = iphoneos;
				SWIFT_ACTIVE_COMPILATION_CONDITIONS = DEBUG;
				SWIFT_OPTIMIZATION_LEVEL = "-Onone";
			};
			name = Debug;
		};
		7E40D9B3273A96A300B10E11 /* Release */ = {
			isa = XCBuildConfiguration;
			buildSettings = {
				ALWAYS_SEARCH_USER_PATHS = NO;
				CLANG_ANALYZER_NONNULL = YES;
				CLANG_ANALYZER_NUMBER_OBJECT_CONVERSION = YES_AGGRESSIVE;
				CLANG_CXX_LANGUAGE_STANDARD = "gnu++14";
				CLANG_CXX_LIBRARY = "libc++";
				CLANG_ENABLE_MODULES = YES;
				CLANG_ENABLE_OBJC_ARC = YES;
				CLANG_ENABLE_OBJC_WEAK = YES;
				CLANG_WARN_BLOCK_CAPTURE_AUTORELEASING = YES;
				CLANG_WARN_BOOL_CONVERSION = YES;
				CLANG_WARN_COMMA = YES;
				CLANG_WARN_CONSTANT_CONVERSION = YES;
				CLANG_WARN_DEPRECATED_OBJC_IMPLEMENTATIONS = YES;
				CLANG_WARN_DIRECT_OBJC_ISA_USAGE = YES_ERROR;
				CLANG_WARN_DOCUMENTATION_COMMENTS = YES;
				CLANG_WARN_EMPTY_BODY = YES;
				CLANG_WARN_ENUM_CONVERSION = YES;
				CLANG_WARN_INFINITE_RECURSION = YES;
				CLANG_WARN_INT_CONVERSION = YES;
				CLANG_WARN_NON_LITERAL_NULL_CONVERSION = YES;
				CLANG_WARN_OBJC_IMPLICIT_RETAIN_SELF = YES;
				CLANG_WARN_OBJC_LITERAL_CONVERSION = YES;
				CLANG_WARN_OBJC_ROOT_CLASS = YES_ERROR;
				CLANG_WARN_QUOTED_INCLUDE_IN_FRAMEWORK_HEADER = YES;
				CLANG_WARN_RANGE_LOOP_ANALYSIS = YES;
				CLANG_WARN_STRICT_PROTOTYPES = YES;
				CLANG_WARN_SUSPICIOUS_MOVE = YES;
				CLANG_WARN_UNGUARDED_AVAILABILITY = YES_AGGRESSIVE;
				CLANG_WARN_UNREACHABLE_CODE = YES;
				CLANG_WARN__DUPLICATE_METHOD_MATCH = YES;
				COPY_PHASE_STRIP = NO;
				DEBUG_INFORMATION_FORMAT = "dwarf-with-dsym";
				ENABLE_NS_ASSERTIONS = NO;
				ENABLE_STRICT_OBJC_MSGSEND = YES;
				GCC_C_LANGUAGE_STANDARD = gnu11;
				GCC_NO_COMMON_BLOCKS = YES;
				GCC_WARN_64_TO_32_BIT_CONVERSION = YES;
				GCC_WARN_ABOUT_RETURN_TYPE = YES_ERROR;
				GCC_WARN_UNDECLARED_SELECTOR = YES;
				GCC_WARN_UNINITIALIZED_AUTOS = YES_AGGRESSIVE;
				GCC_WARN_UNUSED_FUNCTION = YES;
				GCC_WARN_UNUSED_VARIABLE = YES;
				IPHONEOS_DEPLOYMENT_TARGET = 14.5;
				MTL_ENABLE_DEBUG_INFO = NO;
				MTL_FAST_MATH = YES;
				SDKROOT = iphoneos;
				SWIFT_COMPILATION_MODE = wholemodule;
				SWIFT_OPTIMIZATION_LEVEL = "-O";
				VALIDATE_PRODUCT = YES;
			};
			name = Release;
		};
		7E40D9B5273A96A300B10E11 /* Debug */ = {
			isa = XCBuildConfiguration;
			buildSettings = {
				ASSETCATALOG_COMPILER_APPICON_NAME = AppIcon;
				ASSETCATALOG_COMPILER_GLOBAL_ACCENT_COLOR_NAME = AccentColor;
				CODE_SIGN_STYLE = Automatic;
				DEVELOPMENT_TEAM = 6F2X87BUET;
				INFOPLIST_FILE = maroschupkina_1PW5/Info.plist;
				LD_RUNPATH_SEARCH_PATHS = (
					"$(inherited)",
					"@executable_path/Frameworks",
				);
				PRODUCT_BUNDLE_IDENTIFIER = "marina.maroschupkina-1PW5";
				PRODUCT_NAME = "$(TARGET_NAME)";
				SWIFT_VERSION = 5.0;
				TARGETED_DEVICE_FAMILY = "1,2";
			};
			name = Debug;
		};
		7E40D9B6273A96A300B10E11 /* Release */ = {
			isa = XCBuildConfiguration;
			buildSettings = {
				ASSETCATALOG_COMPILER_APPICON_NAME = AppIcon;
				ASSETCATALOG_COMPILER_GLOBAL_ACCENT_COLOR_NAME = AccentColor;
				CODE_SIGN_STYLE = Automatic;
				DEVELOPMENT_TEAM = 6F2X87BUET;
				INFOPLIST_FILE = maroschupkina_1PW5/Info.plist;
				LD_RUNPATH_SEARCH_PATHS = (
					"$(inherited)",
					"@executable_path/Frameworks",
				);
				PRODUCT_BUNDLE_IDENTIFIER = "marina.maroschupkina-1PW5";
				PRODUCT_NAME = "$(TARGET_NAME)";
				SWIFT_VERSION = 5.0;
				TARGETED_DEVICE_FAMILY = "1,2";
			};
			name = Release;
		};
/* End XCBuildConfiguration section */

/* Begin XCConfigurationList section */
		7E40D99B273A96A000B10E11 /* Build configuration list for PBXProject "maroschupkina_1PW5" */ = {
			isa = XCConfigurationList;
			buildConfigurations = (
				7E40D9B2273A96A300B10E11 /* Debug */,
				7E40D9B3273A96A300B10E11 /* Release */,
			);
			defaultConfigurationIsVisible = 0;
			defaultConfigurationName = Release;
		};
		7E40D9B4273A96A300B10E11 /* Build configuration list for PBXNativeTarget "maroschupkina_1PW5" */ = {
			isa = XCConfigurationList;
			buildConfigurations = (
				7E40D9B5273A96A300B10E11 /* Debug */,
				7E40D9B6273A96A300B10E11 /* Release */,
			);
			defaultConfigurationIsVisible = 0;
			defaultConfigurationName = Release;
		};
/* End XCConfigurationList section */
	};
	rootObject = 7E40D998273A96A000B10E11 /* Project object */;
}
